// !$*UTF8*$!
{
	archiveVersion = 1;
	classes = {
	};
	objectVersion = 71;
	objects = {

/* Begin PBXBuildFile section */
		A001 /* Sources/App/VBoardApp.swift in Sources */ = {isa = PBXBuildFile; fileRef = A101 /* Sources/App/VBoardApp.swift */; };
		A002 /* Sources/Models/DomainModels.swift in Sources */ = {isa = PBXBuildFile; fileRef = A102 /* Sources/Models/DomainModels.swift */; };
		A003 /* Sources/API/APIClient.swift in Sources */ = {isa = PBXBuildFile; fileRef = A103 /* Sources/API/APIClient.swift */; };
		A004 /* Sources/Canvas/WorldScreenTransform.swift in Sources */ = {isa = PBXBuildFile; fileRef = A104 /* Sources/Canvas/WorldScreenTransform.swift */; };
		A005 /* Sources/Canvas/NativeCanvasView.swift in Sources */ = {isa = PBXBuildFile; fileRef = A105 /* Sources/Canvas/NativeCanvasView.swift */; };
		A006 /* Sources/SVG/SVGDocument.swift in Sources */ = {isa = PBXBuildFile; fileRef = A106 /* Sources/SVG/SVGDocument.swift */; };
		A007 /* Sources/SVG/ProfessorSVGView.swift in Sources */ = {isa = PBXBuildFile; fileRef = A107 /* Sources/SVG/ProfessorSVGView.swift */; };
		A008 /* Sources/Features/Library/LibraryView.swift in Sources */ = {isa = PBXBuildFile; fileRef = A108 /* Sources/Features/Library/LibraryView.swift */; };
		A009 /* Sources/Features/Board/BoardView.swift in Sources */ = {isa = PBXBuildFile; fileRef = A109 /* Sources/Features/Board/BoardView.swift */; };
		A010 /* VBoardAppTests.swift in Sources */ = {isa = PBXBuildFile; fileRef = A110 /* VBoardAppTests.swift */; };
		A011 /* Sources/Canvas/SceneComposition.swift in Sources */ = {isa = PBXBuildFile; fileRef = A111 /* Sources/Canvas/SceneComposition.swift */; };
		A012 /* Sources/Canvas/SpatialIndex.swift in Sources */ = {isa = PBXBuildFile; fileRef = A112 /* Sources/Canvas/SpatialIndex.swift */; };
		A013 /* Sources/Canvas/BoardDocumentStore.swift in Sources */ = {isa = PBXBuildFile; fileRef = A113 /* Sources/Canvas/BoardDocumentStore.swift */; };
		A014 /* Sources/Models/LectureWorkspaceModels.swift in Sources */ = {isa = PBXBuildFile; fileRef = A114 /* Sources/Models/LectureWorkspaceModels.swift */; };
		A015 /* Sources/Canvas/LectureWorkspaceStore.swift in Sources */ = {isa = PBXBuildFile; fileRef = A115 /* Sources/Canvas/LectureWorkspaceStore.swift */; };
		A016 /* Sources/Canvas/LectureCanvasView.swift in Sources */ = {isa = PBXBuildFile; fileRef = A116 /* Sources/Canvas/LectureCanvasView.swift */; };
		A017 /* Sources/Features/Library/LectureWorkspaceView.swift in Sources */ = {isa = PBXBuildFile; fileRef = A117 /* Sources/Features/Library/LectureWorkspaceView.swift */; };
		A018 /* Sources/Study/StudyContentRenderer.swift in Sources */ = {isa = PBXBuildFile; fileRef = A118 /* Sources/Study/StudyContentRenderer.swift */; };
		A019 /* katex in Resources */ = {isa = PBXBuildFile; fileRef = A119 /* katex */; };
		A020 /* markdown-it in Resources */ = {isa = PBXBuildFile; fileRef = A120 /* markdown-it */; };
		A021 /* markdown-it-texmath in Resources */ = {isa = PBXBuildFile; fileRef = A121 /* markdown-it-texmath */; };
		A022 /* dompurify in Resources */ = {isa = PBXBuildFile; fileRef = A122 /* dompurify */; };
		A023 /* study-render.js in Resources */ = {isa = PBXBuildFile; fileRef = A123 /* study-render.js */; };
		A024 /* Resources/Assets.xcassets in Resources */ = {isa = PBXBuildFile; fileRef = A124 /* Resources/Assets.xcassets */; };
		A025 /* Sources/Study/StudySelectionRequest.swift in Sources */ = {isa = PBXBuildFile; fileRef = A125 /* Sources/Study/StudySelectionRequest.swift */; };
		A026 /* Sources/Auth/AuthSessionStore.swift in Sources */ = {isa = PBXBuildFile; fileRef = A126 /* Sources/Auth/AuthSessionStore.swift */; };
		A027 /* Sources/Auth/LoginView.swift in Sources */ = {isa = PBXBuildFile; fileRef = A127 /* Sources/Auth/LoginView.swift */; };
		A028 /* Sources/PDF/PDFPageRenderView.swift in Sources */ = {isa = PBXBuildFile; fileRef = A128 /* Sources/PDF/PDFPageRenderView.swift */; };
		A029 /* Sources/Import/PendingImportStore.swift in Sources */ = {isa = PBXBuildFile; fileRef = A129 /* Sources/Import/PendingImportStore.swift */; };
		A030 /* ShareViewController.swift in Sources */ = {isa = PBXBuildFile; fileRef = A130 /* ShareViewController.swift */; };
		A031 /* VBoardShareExtension.appex in Embed App Extensions */ = {isa = PBXBuildFile; fileRef = B003 /* VBoardShareExtension.appex */; settings = {ATTRIBUTES = (RemoveHeadersOnCopy, ); }; };
		J001 /* Sources/Graph/GraphRendering.swift in Sources */ = {isa = PBXBuildFile; fileRef = J101 /* Sources/Graph/GraphRendering.swift */; };
		J002 /* Sources/Graph/DesmosGraphRenderer.swift in Sources */ = {isa = PBXBuildFile; fileRef = J102 /* Sources/Graph/DesmosGraphRenderer.swift */; };
		J003 /* Sources/Graph/GraphCreationFlow.swift in Sources */ = {isa = PBXBuildFile; fileRef = J103 /* Sources/Graph/GraphCreationFlow.swift */; };
		K001 /* Sources/Graph/GraphInteractiveSurface.swift in Sources */ = {isa = PBXBuildFile; fileRef = K101 /* Sources/Graph/GraphInteractiveSurface.swift */; };
		K002 /* GraphInteractiveSurfaceTests.swift in Sources */ = {isa = PBXBuildFile; fileRef = K102 /* GraphInteractiveSurfaceTests.swift */; };
		L001 /* GraphStageBTests.swift in Sources */ = {isa = PBXBuildFile; fileRef = L101 /* GraphStageBTests.swift */; };
		M001 /* Sources/Graph/GraphProxyCache.swift in Sources */ = {isa = PBXBuildFile; fileRef = M101 /* Sources/Graph/GraphProxyCache.swift */; };
		N001 /* Sources/Graph/GraphValidation.swift in Sources */ = {isa = PBXBuildFile; fileRef = N101 /* Sources/Graph/GraphValidation.swift */; };
		N002 /* GraphValidationTests.swift in Sources */ = {isa = PBXBuildFile; fileRef = N102 /* GraphValidationTests.swift */; };
		O001 /* GraphStageBHardeningTests.swift in Sources */ = {isa = PBXBuildFile; fileRef = O101 /* GraphStageBHardeningTests.swift */; };
		Q001 /* Sources/Canvas/PencilInputSystem.swift in Sources */ = {isa = PBXBuildFile; fileRef = Q101 /* Sources/Canvas/PencilInputSystem.swift */; };
		R001 /* PencilInputSystemTests.swift in Sources */ = {isa = PBXBuildFile; fileRef = R101 /* PencilInputSystemTests.swift */; };
		S001 /* Sources/API/VBoardPerformanceTrace.swift in Sources */ = {isa = PBXBuildFile; fileRef = S101 /* Sources/API/VBoardPerformanceTrace.swift */; };
/* End PBXBuildFile section */

/* Begin PBXContainerItemProxy section */
		G002 /* PBXContainerItemProxy */ = {
			isa = PBXContainerItemProxy;
			containerPortal = P001 /* Project object */;
			proxyType = 1;
			remoteGlobalIDString = D001;
			remoteInfo = VBoardApp;
		};
		G004 /* PBXContainerItemProxy */ = {
			isa = PBXContainerItemProxy;
			containerPortal = P001 /* Project object */;
			proxyType = 1;
			remoteGlobalIDString = D003;
			remoteInfo = VBoardShareExtension;
		};
/* End PBXContainerItemProxy section */

/* Begin PBXCopyFilesBuildPhase section */
		F010 /* Embed App Extensions */ = {
			isa = PBXCopyFilesBuildPhase;
			buildActionMask = 2147483647;
			dstPath = "";
			dstSubfolderSpec = 13;
			files = (
				A031 /* VBoardShareExtension.appex in Embed App Extensions */,
			);
			name = "Embed App Extensions";
			runOnlyForDeploymentPostprocessing = 0;
		};
/* End PBXCopyFilesBuildPhase section */

/* Begin PBXFileReference section */
		A101 /* Sources/App/VBoardApp.swift */ = {isa = PBXFileReference; lastKnownFileType = sourcecode.swift; path = Sources/App/VBoardApp.swift; sourceTree = "<group>"; };
		A102 /* Sources/Models/DomainModels.swift */ = {isa = PBXFileReference; lastKnownFileType = sourcecode.swift; path = Sources/Models/DomainModels.swift; sourceTree = "<group>"; };
		A103 /* Sources/API/APIClient.swift */ = {isa = PBXFileReference; lastKnownFileType = sourcecode.swift; path = Sources/API/APIClient.swift; sourceTree = "<group>"; };
		A104 /* Sources/Canvas/WorldScreenTransform.swift */ = {isa = PBXFileReference; lastKnownFileType = sourcecode.swift; path = Sources/Canvas/WorldScreenTransform.swift; sourceTree = "<group>"; };
		A105 /* Sources/Canvas/NativeCanvasView.swift */ = {isa = PBXFileReference; lastKnownFileType = sourcecode.swift; path = Sources/Canvas/NativeCanvasView.swift; sourceTree = "<group>"; };
		A106 /* Sources/SVG/SVGDocument.swift */ = {isa = PBXFileReference; lastKnownFileType = sourcecode.swift; path = Sources/SVG/SVGDocument.swift; sourceTree = "<group>"; };
		A107 /* Sources/SVG/ProfessorSVGView.swift */ = {isa = PBXFileReference; lastKnownFileType = sourcecode.swift; path = Sources/SVG/ProfessorSVGView.swift; sourceTree = "<group>"; };
		A108 /* Sources/Features/Library/LibraryView.swift */ = {isa = PBXFileReference; lastKnownFileType = sourcecode.swift; path = Sources/Features/Library/LibraryView.swift; sourceTree = "<group>"; };
		A109 /* Sources/Features/Board/BoardView.swift */ = {isa = PBXFileReference; lastKnownFileType = sourcecode.swift; path = Sources/Features/Board/BoardView.swift; sourceTree = "<group>"; };
		A110 /* VBoardAppTests.swift */ = {isa = PBXFileReference; lastKnownFileType = sourcecode.swift; path = VBoardAppTests.swift; sourceTree = "<group>"; };
		A111 /* Sources/Canvas/SceneComposition.swift */ = {isa = PBXFileReference; lastKnownFileType = sourcecode.swift; path = Sources/Canvas/SceneComposition.swift; sourceTree = "<group>"; };
		A112 /* Sources/Canvas/SpatialIndex.swift */ = {isa = PBXFileReference; lastKnownFileType = sourcecode.swift; path = Sources/Canvas/SpatialIndex.swift; sourceTree = "<group>"; };
		A113 /* Sources/Canvas/BoardDocumentStore.swift */ = {isa = PBXFileReference; lastKnownFileType = sourcecode.swift; path = Sources/Canvas/BoardDocumentStore.swift; sourceTree = "<group>"; };
		A114 /* Sources/Models/LectureWorkspaceModels.swift */ = {isa = PBXFileReference; lastKnownFileType = sourcecode.swift; path = Sources/Models/LectureWorkspaceModels.swift; sourceTree = "<group>"; };
		A115 /* Sources/Canvas/LectureWorkspaceStore.swift */ = {isa = PBXFileReference; lastKnownFileType = sourcecode.swift; path = Sources/Canvas/LectureWorkspaceStore.swift; sourceTree = "<group>"; };
		A116 /* Sources/Canvas/LectureCanvasView.swift */ = {isa = PBXFileReference; lastKnownFileType = sourcecode.swift; path = Sources/Canvas/LectureCanvasView.swift; sourceTree = "<group>"; };
		A117 /* Sources/Features/Library/LectureWorkspaceView.swift */ = {isa = PBXFileReference; lastKnownFileType = sourcecode.swift; path = Sources/Features/Library/LectureWorkspaceView.swift; sourceTree = "<group>"; };
		A118 /* Sources/Study/StudyContentRenderer.swift */ = {isa = PBXFileReference; lastKnownFileType = sourcecode.swift; path = Sources/Study/StudyContentRenderer.swift; sourceTree = "<group>"; };
		A119 /* katex */ = {isa = PBXFileReference; lastKnownFileType = folder; name = katex; path = ../static/vendor/katex; sourceTree = "<group>"; };
		A120 /* markdown-it */ = {isa = PBXFileReference; lastKnownFileType = folder; name = "markdown-it"; path = "../static/vendor/markdown-it"; sourceTree = "<group>"; };
		A121 /* markdown-it-texmath */ = {isa = PBXFileReference; lastKnownFileType = folder; name = "markdown-it-texmath"; path = "../static/vendor/markdown-it-texmath"; sourceTree = "<group>"; };
		A122 /* dompurify */ = {isa = PBXFileReference; lastKnownFileType = folder; name = dompurify; path = ../static/vendor/dompurify; sourceTree = "<group>"; };
		A123 /* study-render.js */ = {isa = PBXFileReference; lastKnownFileType = sourcecode.javascript; name = "study-render.js"; path = "../static/study-render.js"; sourceTree = "<group>"; };
		A124 /* Resources/Assets.xcassets */ = {isa = PBXFileReference; lastKnownFileType = folder.assetcatalog; path = Resources/Assets.xcassets; sourceTree = "<group>"; };
		A125 /* Sources/Study/StudySelectionRequest.swift */ = {isa = PBXFileReference; lastKnownFileType = sourcecode.swift; path = Sources/Study/StudySelectionRequest.swift; sourceTree = "<group>"; };
		A126 /* Sources/Auth/AuthSessionStore.swift */ = {isa = PBXFileReference; lastKnownFileType = sourcecode.swift; path = Sources/Auth/AuthSessionStore.swift; sourceTree = "<group>"; };
		A127 /* Sources/Auth/LoginView.swift */ = {isa = PBXFileReference; lastKnownFileType = sourcecode.swift; path = Sources/Auth/LoginView.swift; sourceTree = "<group>"; };
		A128 /* Sources/PDF/PDFPageRenderView.swift */ = {isa = PBXFileReference; lastKnownFileType = sourcecode.swift; path = Sources/PDF/PDFPageRenderView.swift; sourceTree = "<group>"; };
		A129 /* Sources/Import/PendingImportStore.swift */ = {isa = PBXFileReference; lastKnownFileType = sourcecode.swift; path = Sources/Import/PendingImportStore.swift; sourceTree = "<group>"; };
		A130 /* ShareViewController.swift */ = {isa = PBXFileReference; lastKnownFileType = sourcecode.swift; path = ShareViewController.swift; sourceTree = "<group>"; };
		A131 /* Info.plist */ = {isa = PBXFileReference; lastKnownFileType = text.plist.xml; path = Info.plist; sourceTree = "<group>"; };
		A132 /* VBoardShareExtension.entitlements */ = {isa = PBXFileReference; lastKnownFileType = text.plist.entitlements; path = VBoardShareExtension.entitlements; sourceTree = "<group>"; };
		J101 /* Sources/Graph/GraphRendering.swift */ = {isa = PBXFileReference; lastKnownFileType = sourcecode.swift; path = Sources/Graph/GraphRendering.swift; sourceTree = "<group>"; };
		J102 /* Sources/Graph/DesmosGraphRenderer.swift */ = {isa = PBXFileReference; lastKnownFileType = sourcecode.swift; path = Sources/Graph/DesmosGraphRenderer.swift; sourceTree = "<group>"; };
		J103 /* Sources/Graph/GraphCreationFlow.swift */ = {isa = PBXFileReference; lastKnownFileType = sourcecode.swift; path = Sources/Graph/GraphCreationFlow.swift; sourceTree = "<group>"; };
		K101 /* Sources/Graph/GraphInteractiveSurface.swift */ = {isa = PBXFileReference; lastKnownFileType = sourcecode.swift; path = Sources/Graph/GraphInteractiveSurface.swift; sourceTree = "<group>"; };
		K102 /* GraphInteractiveSurfaceTests.swift */ = {isa = PBXFileReference; lastKnownFileType = sourcecode.swift; path = GraphInteractiveSurfaceTests.swift; sourceTree = "<group>"; };
		L101 /* GraphStageBTests.swift */ = {isa = PBXFileReference; lastKnownFileType = sourcecode.swift; path = GraphStageBTests.swift; sourceTree = "<group>"; };
		M101 /* Sources/Graph/GraphProxyCache.swift */ = {isa = PBXFileReference; lastKnownFileType = sourcecode.swift; path = Sources/Graph/GraphProxyCache.swift; sourceTree = "<group>"; };
		N101 /* Sources/Graph/GraphValidation.swift */ = {isa = PBXFileReference; lastKnownFileType = sourcecode.swift; path = Sources/Graph/GraphValidation.swift; sourceTree = "<group>"; };
		N102 /* GraphValidationTests.swift */ = {isa = PBXFileReference; lastKnownFileType = sourcecode.swift; path = GraphValidationTests.swift; sourceTree = "<group>"; };
		O101 /* GraphStageBHardeningTests.swift */ = {isa = PBXFileReference; lastKnownFileType = sourcecode.swift; path = GraphStageBHardeningTests.swift; sourceTree = "<group>"; };
		Q101 /* Sources/Canvas/PencilInputSystem.swift */ = {isa = PBXFileReference; lastKnownFileType = sourcecode.swift; path = Sources/Canvas/PencilInputSystem.swift; sourceTree = "<group>"; };
		R101 /* PencilInputSystemTests.swift */ = {isa = PBXFileReference; lastKnownFileType = sourcecode.swift; path = PencilInputSystemTests.swift; sourceTree = "<group>"; };
		S101 /* Sources/API/VBoardPerformanceTrace.swift */ = {isa = PBXFileReference; lastKnownFileType = sourcecode.swift; path = Sources/API/VBoardPerformanceTrace.swift; sourceTree = "<group>"; };
		B001 /* VBoardApp.app */ = {isa = PBXFileReference; explicitFileType = wrapper.application; path = VBoardApp.app; sourceTree = BUILT_PRODUCTS_DIR; };
		B002 /* VBoardAppTests.xctest */ = {isa = PBXFileReference; explicitFileType = wrapper.cfbundle; path = VBoardAppTests.xctest; sourceTree = BUILT_PRODUCTS_DIR; };
		B003 /* VBoardShareExtension.appex */ = {isa = PBXFileReference; explicitFileType = "wrapper.app-extension"; path = VBoardShareExtension.appex; sourceTree = BUILT_PRODUCTS_DIR; };
/* End PBXFileReference section */

/* Begin PBXFrameworksBuildPhase section */
		F003 /* Frameworks */ = {
			isa = PBXFrameworksBuildPhase;
			buildActionMask = 2147483647;
			files = (
			);
			runOnlyForDeploymentPostprocessing = 0;
		};
		F006 /* Frameworks */ = {
			isa = PBXFrameworksBuildPhase;
			buildActionMask = 2147483647;
			files = (
			);
			runOnlyForDeploymentPostprocessing = 0;
		};
		F009 /* Frameworks */ = {
			isa = PBXFrameworksBuildPhase;
			buildActionMask = 2147483647;
			files = (
			);
			runOnlyForDeploymentPostprocessing = 0;
		};
/* End PBXFrameworksBuildPhase section */

/* Begin PBXGroup section */
		C001 = {
			isa = PBXGroup;
			children = (
				C002 /* VBoardApp */,
				C003 /* VBoardAppTests */,
				C004 /* Study Renderer Resources */,
				C005 /* VBoardShareExtension */,
				B001 /* VBoardApp.app */,
				B002 /* VBoardAppTests.xctest */,
				B003 /* VBoardShareExtension.appex */,
			);
			sourceTree = "<group>";
		};
		C002 /* VBoardApp */ = {
			isa = PBXGroup;
			children = (
				A101 /* Sources/App/VBoardApp.swift */,
				A126 /* Sources/Auth/AuthSessionStore.swift */,
				A127 /* Sources/Auth/LoginView.swift */,
				A128 /* Sources/PDF/PDFPageRenderView.swift */,
				A129 /* Sources/Import/PendingImportStore.swift */,
				A102 /* Sources/Models/DomainModels.swift */,
				A114 /* Sources/Models/LectureWorkspaceModels.swift */,
				A103 /* Sources/API/APIClient.swift */,
				S101 /* Sources/API/VBoardPerformanceTrace.swift */,
				A104 /* Sources/Canvas/WorldScreenTransform.swift */,
				A105 /* Sources/Canvas/NativeCanvasView.swift */,
				Q101 /* Sources/Canvas/PencilInputSystem.swift */,
				A115 /* Sources/Canvas/LectureWorkspaceStore.swift */,
				A116 /* Sources/Canvas/LectureCanvasView.swift */,
				A106 /* Sources/SVG/SVGDocument.swift */,
				A107 /* Sources/SVG/ProfessorSVGView.swift */,
				A108 /* Sources/Features/Library/LibraryView.swift */,
				A117 /* Sources/Features/Library/LectureWorkspaceView.swift */,
				A109 /* Sources/Features/Board/BoardView.swift */,
				A111 /* Sources/Canvas/SceneComposition.swift */,
				A112 /* Sources/Canvas/SpatialIndex.swift */,
				A113 /* Sources/Canvas/BoardDocumentStore.swift */,
				A118 /* Sources/Study/StudyContentRenderer.swift */,
				A125 /* Sources/Study/StudySelectionRequest.swift */,
				J101 /* Sources/Graph/GraphRendering.swift */,
				J102 /* Sources/Graph/DesmosGraphRenderer.swift */,
				J103 /* Sources/Graph/GraphCreationFlow.swift */,
				K101 /* Sources/Graph/GraphInteractiveSurface.swift */,
				M101 /* Sources/Graph/GraphProxyCache.swift */,
				N101 /* Sources/Graph/GraphValidation.swift */,
				A124 /* Resources/Assets.xcassets */,
			);
			path = VBoardApp;
			sourceTree = "<group>";
		};
		C003 /* VBoardAppTests */ = {
			isa = PBXGroup;
			children = (
				A110 /* VBoardAppTests.swift */,
				K102 /* GraphInteractiveSurfaceTests.swift */,
				L101 /* GraphStageBTests.swift */,
				N102 /* GraphValidationTests.swift */,
				O101 /* GraphStageBHardeningTests.swift */,
				R101 /* PencilInputSystemTests.swift */,
			);
			path = VBoardAppTests;
			sourceTree = "<group>";
		};
		C004 /* Study Renderer Resources */ = {
			isa = PBXGroup;
			children = (
				A119 /* katex */,
				A120 /* markdown-it */,
				A121 /* markdown-it-texmath */,
				A122 /* dompurify */,
				A123 /* study-render.js */,
			);
			name = "Study Renderer Resources";
			sourceTree = "<group>";
		};
		C005 /* VBoardShareExtension */ = {
			isa = PBXGroup;
			children = (
				A130 /* ShareViewController.swift */,
				A131 /* Info.plist */,
				A132 /* VBoardShareExtension.entitlements */,
			);
			path = VBoardShareExtension;
			sourceTree = "<group>";
		};
/* End PBXGroup section */

/* Begin PBXNativeTarget section */
		D001 /* VBoardApp */ = {
			isa = PBXNativeTarget;
			buildConfigurationList = E001 /* Build configuration list for PBXNativeTarget "VBoardApp" */;
			buildPhases = (
				F001 /* Sources */,
				F002 /* Resources */,
				F003 /* Frameworks */,
				F010 /* Embed App Extensions */,
			);
			buildRules = (
			);
			dependencies = (
				G003 /* PBXTargetDependency */,
			);
			name = VBoardApp;
			productName = VBoardApp;
			productReference = B001 /* VBoardApp.app */;
			productType = "com.apple.product-type.application";
		};
		D002 /* VBoardAppTests */ = {
			isa = PBXNativeTarget;
			buildConfigurationList = E002 /* Build configuration list for PBXNativeTarget "VBoardAppTests" */;
			buildPhases = (
				F004 /* Sources */,
				F005 /* Resources */,
				F006 /* Frameworks */,
			);
			buildRules = (
			);
			dependencies = (
				G001 /* PBXTargetDependency */,
			);
			name = VBoardAppTests;
			productName = VBoardAppTests;
			productReference = B002 /* VBoardAppTests.xctest */;
			productType = "com.apple.product-type.bundle.unit-test";
		};
		D003 /* VBoardShareExtension */ = {
			isa = PBXNativeTarget;
			buildConfigurationList = E004 /* Build configuration list for PBXNativeTarget "VBoardShareExtension" */;
			buildPhases = (
				F007 /* Sources */,
				F008 /* Resources */,
				F009 /* Frameworks */,
			);
			buildRules = (
			);
			dependencies = (
			);
			name = VBoardShareExtension;
			productName = VBoardShareExtension;
			productReference = B003 /* VBoardShareExtension.appex */;
			productType = "com.apple.product-type.app-extension";
		};
/* End PBXNativeTarget section */

/* Begin PBXProject section */
		P001 /* Project object */ = {
			isa = PBXProject;
			attributes = {
				LastUpgradeCheck = 1620;
				TargetAttributes = {
					D001 = {
						CreatedOnToolsVersion = 16.2;
						SystemCapabilities = {
							com.apple.ApplicationGroups.iOS = {
								enabled = 1;
							};
							com.apple.SignInWithApple = {
								enabled = 1;
							};
						};
					};
					D002 = {
						CreatedOnToolsVersion = 16.2;
						TestTargetID = D001;
					};
					D003 = {
						CreatedOnToolsVersion = 16.2;
						SystemCapabilities = {
							com.apple.ApplicationGroups.iOS = {
								enabled = 1;
							};
						};
					};
				};
			};
			buildConfigurationList = E003 /* Build configuration list for PBXProject "VBoardApp" */;
			compatibilityVersion = "Xcode 16.0";
			developmentRegion = en;
			hasScannedForEncodings = 0;
			knownRegions = (
				en,
				Base,
			);
			mainGroup = C001;
			productRefGroup = C001;
			projectDirPath = "";
			projectRoot = "";
			targets = (
				D001 /* VBoardApp */,
				D002 /* VBoardAppTests */,
				D003 /* VBoardShareExtension */,
			);
		};
/* End PBXProject section */

/* Begin PBXResourcesBuildPhase section */
		F002 /* Resources */ = {
			isa = PBXResourcesBuildPhase;
			buildActionMask = 2147483647;
			files = (
				A019 /* katex in Resources */,
				A020 /* markdown-it in Resources */,
				A021 /* markdown-it-texmath in Resources */,
				A022 /* dompurify in Resources */,
				A023 /* study-render.js in Resources */,
				A024 /* Resources/Assets.xcassets in Resources */,
			);
			runOnlyForDeploymentPostprocessing = 0;
		};
		F005 /* Resources */ = {
			isa = PBXResourcesBuildPhase;
			buildActionMask = 2147483647;
			files = (
			);
			runOnlyForDeploymentPostprocessing = 0;
		};
		F008 /* Resources */ = {
			isa = PBXResourcesBuildPhase;
			buildActionMask = 2147483647;
			files = (
			);
			runOnlyForDeploymentPostprocessing = 0;
		};
/* End PBXResourcesBuildPhase section */

/* Begin PBXSourcesBuildPhase section */
		F001 /* Sources */ = {
			isa = PBXSourcesBuildPhase;
			buildActionMask = 2147483647;
			files = (
				A001 /* Sources/App/VBoardApp.swift in Sources */,
				A026 /* Sources/Auth/AuthSessionStore.swift in Sources */,
				A027 /* Sources/Auth/LoginView.swift in Sources */,
				A028 /* Sources/PDF/PDFPageRenderView.swift in Sources */,
				A029 /* Sources/Import/PendingImportStore.swift in Sources */,
				A002 /* Sources/Models/DomainModels.swift in Sources */,
				A014 /* Sources/Models/LectureWorkspaceModels.swift in Sources */,
				A003 /* Sources/API/APIClient.swift in Sources */,
				S001 /* Sources/API/VBoardPerformanceTrace.swift in Sources */,
				A004 /* Sources/Canvas/WorldScreenTransform.swift in Sources */,
				A005 /* Sources/Canvas/NativeCanvasView.swift in Sources */,
				Q001 /* Sources/Canvas/PencilInputSystem.swift in Sources */,
				A015 /* Sources/Canvas/LectureWorkspaceStore.swift in Sources */,
				A016 /* Sources/Canvas/LectureCanvasView.swift in Sources */,
				A006 /* Sources/SVG/SVGDocument.swift in Sources */,
				A007 /* Sources/SVG/ProfessorSVGView.swift in Sources */,
				A008 /* Sources/Features/Library/LibraryView.swift in Sources */,
				A017 /* Sources/Features/Library/LectureWorkspaceView.swift in Sources */,
				A009 /* Sources/Features/Board/BoardView.swift in Sources */,
				A011 /* Sources/Canvas/SceneComposition.swift in Sources */,
				A012 /* Sources/Canvas/SpatialIndex.swift in Sources */,
				A013 /* Sources/Canvas/BoardDocumentStore.swift in Sources */,
				A018 /* Sources/Study/StudyContentRenderer.swift in Sources */,
				A025 /* Sources/Study/StudySelectionRequest.swift in Sources */,
				J001 /* Sources/Graph/GraphRendering.swift in Sources */,
				J002 /* Sources/Graph/DesmosGraphRenderer.swift in Sources */,
				J003 /* Sources/Graph/GraphCreationFlow.swift in Sources */,
				K001 /* Sources/Graph/GraphInteractiveSurface.swift in Sources */,
				M001 /* Sources/Graph/GraphProxyCache.swift in Sources */,
				N001 /* Sources/Graph/GraphValidation.swift in Sources */,
			);
			runOnlyForDeploymentPostprocessing = 0;
		};
		F004 /* Sources */ = {
			isa = PBXSourcesBuildPhase;
			buildActionMask = 2147483647;
			files = (
				A010 /* VBoardAppTests.swift in Sources */,
				K002 /* GraphInteractiveSurfaceTests.swift in Sources */,
				L001 /* GraphStageBTests.swift in Sources */,
				N002 /* GraphValidationTests.swift in Sources */,
				O001 /* GraphStageBHardeningTests.swift in Sources */,
				R001 /* PencilInputSystemTests.swift in Sources */,
			);
			runOnlyForDeploymentPostprocessing = 0;
		};
		F007 /* Sources */ = {
			isa = PBXSourcesBuildPhase;
			buildActionMask = 2147483647;
			files = (
				A030 /* ShareViewController.swift in Sources */,
			);
			runOnlyForDeploymentPostprocessing = 0;
		};
/* End PBXSourcesBuildPhase section */

/* Begin PBXTargetDependency section */
		G001 /* PBXTargetDependency */ = {
			isa = PBXTargetDependency;
			target = D001 /* VBoardApp */;
			targetProxy = G002 /* PBXContainerItemProxy */;
		};
		G003 /* PBXTargetDependency */ = {
			isa = PBXTargetDependency;
			target = D003 /* VBoardShareExtension */;
			targetProxy = G004 /* PBXContainerItemProxy */;
		};
/* End PBXTargetDependency section */

/* Begin XCBuildConfiguration section */
		H001 /* Debug */ = {
			isa = XCBuildConfiguration;
			buildSettings = {
				ALWAYS_SEARCH_USER_PATHS = NO;
				ALWAYS_USE_SEPARATE_HEADERMAPS = YES;
				ASSETCATALOG_COMPILER_APPICON_NAME = AppIcon;
				CODE_SIGN_ENTITLEMENTS = VBoardApp/VBoardApp.entitlements;
				CURRENT_PROJECT_VERSION = 1;
				DEVELOPMENT_TEAM = 5C83S23J7M;
				ENABLE_TESTABILITY = YES;
				GENERATE_INFOPLIST_FILE = NO;
				INFOPLIST_FILE = VBoardApp/Resources/Info.plist;
				IPHONEOS_DEPLOYMENT_TARGET = 17.0;
				MARKETING_VERSION = 0.1.0;
				PRODUCT_BUNDLE_IDENTIFIER = com.vboard.ipad;
				PRODUCT_NAME = VBoardApp;
				SDKROOT = iphoneos;
				SUPPORTED_PLATFORMS = "iphoneos iphonesimulator";
				SUPPORTS_MACCATALYST = NO;
				SWIFT_ACTIVE_COMPILATION_CONDITIONS = DEBUG;
				SWIFT_OPTIMIZATION_LEVEL = "-Onone";
				SWIFT_VERSION = 5.0;
				TARGETED_DEVICE_FAMILY = "1,2";
				VBOARD_DESMOS_API_KEY = "937254366e9a43f2a6d377baa8de1b13";
			};
			name = Debug;
		};
		H002 /* Release */ = {
			isa = XCBuildConfiguration;
			buildSettings = {
				ALWAYS_SEARCH_USER_PATHS = NO;
				ALWAYS_USE_SEPARATE_HEADERMAPS = YES;
				ASSETCATALOG_COMPILER_APPICON_NAME = AppIcon;
				CODE_SIGN_ENTITLEMENTS = VBoardApp/VBoardApp.entitlements;
				CURRENT_PROJECT_VERSION = 1;
				DEVELOPMENT_TEAM = 5C83S23J7M;
				GENERATE_INFOPLIST_FILE = NO;
				INFOPLIST_FILE = "VBoardApp/Resources/Info-Release.plist";
				IPHONEOS_DEPLOYMENT_TARGET = 17.0;
				MARKETING_VERSION = 0.1.0;
				PRODUCT_BUNDLE_IDENTIFIER = com.vboard.ipad;
				PRODUCT_NAME = VBoardApp;
				SDKROOT = iphoneos;
				SUPPORTED_PLATFORMS = "iphoneos iphonesimulator";
				SUPPORTS_MACCATALYST = NO;
				SWIFT_VERSION = 5.0;
				TARGETED_DEVICE_FAMILY = "1,2";
				VBOARD_DESMOS_API_KEY = "937254366e9a43f2a6d377baa8de1b13";
			};
			name = Release;
		};
		H003 /* Debug */ = {
			isa = XCBuildConfiguration;
			buildSettings = {
				ALWAYS_SEARCH_USER_PATHS = NO;
				ALWAYS_USE_SEPARATE_HEADERMAPS = YES;
				BUNDLE_LOADER = "$(TEST_HOST)";
				DEVELOPMENT_TEAM = 5C83S23J7M;
				GENERATE_INFOPLIST_FILE = YES;
				IPHONEOS_DEPLOYMENT_TARGET = 17.0;
				PRODUCT_BUNDLE_IDENTIFIER = com.vboard.ipad.tests;
				PRODUCT_NAME = VBoardAppTests;
				SDKROOT = iphoneos;
				SWIFT_VERSION = 5.0;
				TARGETED_DEVICE_FAMILY = 2;
				TEST_HOST = "$(BUILT_PRODUCTS_DIR)/VBoardApp.app/VBoardApp";
			};
			name = Debug;
		};
		H004 /* Release */ = {
			isa = XCBuildConfiguration;
			buildSettings = {
				ALWAYS_SEARCH_USER_PATHS = NO;
				ALWAYS_USE_SEPARATE_HEADERMAPS = YES;
				BUNDLE_LOADER = "$(TEST_HOST)";
				DEVELOPMENT_TEAM = 5C83S23J7M;
				GENERATE_INFOPLIST_FILE = YES;
				IPHONEOS_DEPLOYMENT_TARGET = 17.0;
				PRODUCT_BUNDLE_IDENTIFIER = com.vboard.ipad.tests;
				PRODUCT_NAME = VBoardAppTests;
				SDKROOT = iphoneos;
				SWIFT_VERSION = 5.0;
				TARGETED_DEVICE_FAMILY = 2;
				TEST_HOST = "$(BUILT_PRODUCTS_DIR)/VBoardApp.app/VBoardApp";
			};
			name = Release;
		};
		H005 /* Debug */ = {
			isa = XCBuildConfiguration;
			buildSettings = {
				ALWAYS_SEARCH_USER_PATHS = NO;
				ALWAYS_USE_SEPARATE_HEADERMAPS = YES;
			};
			name = Debug;
		};
		H006 /* Release */ = {
			isa = XCBuildConfiguration;
			buildSettings = {
				ALWAYS_SEARCH_USER_PATHS = NO;
				ALWAYS_USE_SEPARATE_HEADERMAPS = YES;
			};
			name = Release;
		};
		H007 /* Debug */ = {
			isa = XCBuildConfiguration;
			buildSettings = {
				ALWAYS_SEARCH_USER_PATHS = NO;
				ALWAYS_USE_SEPARATE_HEADERMAPS = YES;
				APPLICATION_EXTENSION_API_ONLY = YES;
				CODE_SIGN_ENTITLEMENTS = VBoardShareExtension/VBoardShareExtension.entitlements;
				CURRENT_PROJECT_VERSION = 1;
				DEVELOPMENT_TEAM = 5C83S23J7M;
				GENERATE_INFOPLIST_FILE = NO;
				INFOPLIST_FILE = VBoardShareExtension/Info.plist;
				IPHONEOS_DEPLOYMENT_TARGET = 17.0;
				MARKETING_VERSION = 0.1.0;
				PRODUCT_BUNDLE_IDENTIFIER = com.vboard.ipad.share;
				PRODUCT_NAME = VBoardShareExtension;
				SDKROOT = iphoneos;
				SKIP_INSTALL = YES;
				SUPPORTED_PLATFORMS = "iphoneos iphonesimulator";
				SWIFT_VERSION = 5.0;
				TARGETED_DEVICE_FAMILY = 2;
			};
			name = Debug;
		};
		H008 /* Release */ = {
			isa = XCBuildConfiguration;
			buildSettings = {
				ALWAYS_SEARCH_USER_PATHS = NO;
				ALWAYS_USE_SEPARATE_HEADERMAPS = YES;
				APPLICATION_EXTENSION_API_ONLY = YES;
				CODE_SIGN_ENTITLEMENTS = VBoardShareExtension/VBoardShareExtension.entitlements;
				CURRENT_PROJECT_VERSION = 1;
				DEVELOPMENT_TEAM = 5C83S23J7M;
				GENERATE_INFOPLIST_FILE = NO;
				INFOPLIST_FILE = VBoardShareExtension/Info.plist;
				IPHONEOS_DEPLOYMENT_TARGET = 17.0;
				MARKETING_VERSION = 0.1.0;
				PRODUCT_BUNDLE_IDENTIFIER = com.vboard.ipad.share;
				PRODUCT_NAME = VBoardShareExtension;
				SDKROOT = iphoneos;
				SKIP_INSTALL = YES;
				SUPPORTED_PLATFORMS = "iphoneos iphonesimulator";
				SWIFT_VERSION = 5.0;
				TARGETED_DEVICE_FAMILY = 2;
			};
			name = Release;
		};
/* End XCBuildConfiguration section */

/* Begin XCConfigurationList section */
		E001 /* Build configuration list for PBXNativeTarget "VBoardApp" */ = {
			isa = XCConfigurationList;
			buildConfigurations = (
				H001 /* Debug */,
				H002 /* Release */,
			);
			defaultConfigurationIsVisible = 0;
			defaultConfigurationName = Release;
		};
		E002 /* Build configuration list for PBXNativeTarget "VBoardAppTests" */ = {
			isa = XCConfigurationList;
			buildConfigurations = (
				H003 /* Debug */,
				H004 /* Release */,
			);
			defaultConfigurationIsVisible = 0;
			defaultConfigurationName = Release;
		};
		E003 /* Build configuration list for PBXProject "VBoardApp" */ = {
			isa = XCConfigurationList;
			buildConfigurations = (
				H005 /* Debug */,
				H006 /* Release */,
			);
			defaultConfigurationIsVisible = 0;
			defaultConfigurationName = Release;
		};
		E004 /* Build configuration list for PBXNativeTarget "VBoardShareExtension" */ = {
			isa = XCConfigurationList;
			buildConfigurations = (
				H007 /* Debug */,
				H008 /* Release */,
			);
			defaultConfigurationIsVisible = 0;
			defaultConfigurationName = Release;
		};
/* End XCConfigurationList section */
	};
	rootObject = P001 /* Project object */;
}
